// !$*UTF8*$!
{
	archiveVersion = 1;
	classes = {
	};
	objectVersion = 46;
	objects = {

/* Begin PBXBuildFile section */
		15DAF49C1A0FE00500F1598B /* AppDelegate.swift in Sources */ = {isa = PBXBuildFile; fileRef = 15DAF49B1A0FE00500F1598B /* AppDelegate.swift */; };
		15DAF49E1A0FE00500F1598B /* ViewController.swift in Sources */ = {isa = PBXBuildFile; fileRef = 15DAF49D1A0FE00500F1598B /* ViewController.swift */; };
		15DAF4A11A0FE00500F1598B /* Main.storyboard in Resources */ = {isa = PBXBuildFile; fileRef = 15DAF49F1A0FE00500F1598B /* Main.storyboard */; };
		15DAF4A31A0FE00500F1598B /* Images.xcassets in Resources */ = {isa = PBXBuildFile; fileRef = 15DAF4A21A0FE00500F1598B /* Images.xcassets */; };
		15DAF4A61A0FE00500F1598B /* LaunchScreen.xib in Resources */ = {isa = PBXBuildFile; fileRef = 15DAF4A41A0FE00500F1598B /* LaunchScreen.xib */; };
		15DAF4B21A0FE00500F1598B /* Day12_AutolayoutTests.swift in Sources */ = {isa = PBXBuildFile; fileRef = 15DAF4B11A0FE00500F1598B /* Day12_AutolayoutTests.swift */; };
		15DAF4BD1A0FE63600F1598B /* mars.html in Resources */ = {isa = PBXBuildFile; fileRef = 15DAF4BB1A0FE63600F1598B /* mars.html */; };
		15DAF4C01A0FEA3600F1598B /* mercury.html in Resources */ = {isa = PBXBuildFile; fileRef = 15DAF4BF1A0FEA3600F1598B /* mercury.html */; };
/* End PBXBuildFile section */

/* Begin PBXContainerItemProxy section */
		15DAF4AC1A0FE00500F1598B /* PBXContainerItemProxy */ = {
			isa = PBXContainerItemProxy;
			containerPortal = 15DAF48E1A0FE00500F1598B /* Project object */;
			proxyType = 1;
			remoteGlobalIDString = 15DAF4951A0FE00500F1598B;
			remoteInfo = "Day12-Autolayout";
		};
/* End PBXContainerItemProxy section */

/* Begin PBXFileReference section */
		15DAF4961A0FE00500F1598B /* Day12-Autolayout.app */ = {isa = PBXFileReference; explicitFileType = wrapper.application; includeInIndex = 0; path = "Day12-Autolayout.app"; sourceTree = BUILT_PRODUCTS_DIR; };
		15DAF49A1A0FE00500F1598B /* Info.plist */ = {isa = PBXFileReference; lastKnownFileType = text.plist.xml; path = Info.plist; sourceTree = "<group>"; };
		15DAF49B1A0FE00500F1598B /* AppDelegate.swift */ = {isa = PBXFileReference; lastKnownFileType = sourcecode.swift; path = AppDelegate.swift; sourceTree = "<group>"; };
		15DAF49D1A0FE00500F1598B /* ViewController.swift */ = {isa = PBXFileReference; lastKnownFileType = sourcecode.swift; path = ViewController.swift; sourceTree = "<group>"; };
		15DAF4A01A0FE00500F1598B /* Base */ = {isa = PBXFileReference; lastKnownFileType = file.storyboard; name = Base; path = Base.lproj/Main.storyboard; sourceTree = "<group>"; };
		15DAF4A21A0FE00500F1598B /* Images.xcassets */ = {isa = PBXFileReference; lastKnownFileType = folder.assetcatalog; path = Images.xcassets; sourceTree = "<group>"; };
		15DAF4A51A0FE00500F1598B /* Base */ = {isa = PBXFileReference; lastKnownFileType = file.xib; name = Base; path = Base.lproj/LaunchScreen.xib; sourceTree = "<group>"; };
		15DAF4AB1A0FE00500F1598B /* Day12-AutolayoutTests.xctest */ = {isa = PBXFileReference; explicitFileType = wrapper.cfbundle; includeInIndex = 0; path = "Day12-AutolayoutTests.xctest"; sourceTree = BUILT_PRODUCTS_DIR; };
		15DAF4B01A0FE00500F1598B /* Info.plist */ = {isa = PBXFileReference; lastKnownFileType = text.plist.xml; path = Info.plist; sourceTree = "<group>"; };
		15DAF4B11A0FE00500F1598B /* Day12_AutolayoutTests.swift */ = {isa = PBXFileReference; lastKnownFileType = sourcecode.swift; path = Day12_AutolayoutTests.swift; sourceTree = "<group>"; };
		15DAF4BB1A0FE63600F1598B /* mars.html */ = {isa = PBXFileReference; fileEncoding = 4; lastKnownFileType = text.html; path = mars.html; sourceTree = "<group>"; };
		15DAF4BF1A0FEA3600F1598B /* mercury.html */ = {isa = PBXFileReference; fileEncoding = 4; lastKnownFileType = text.html; path = mercury.html; sourceTree = "<group>"; };
/* End PBXFileReference section */

/* Begin PBXFrameworksBuildPhase section */
		15DAF4931A0FE00500F1598B /* Frameworks */ = {
			isa = PBXFrameworksBuildPhase;
			buildActionMask = 2147483647;
			files = (
			);
			runOnlyForDeploymentPostprocessing = 0;
		};
		15DAF4A81A0FE00500F1598B /* Frameworks */ = {
			isa = PBXFrameworksBuildPhase;
			buildActionMask = 2147483647;
			files = (
			);
			runOnlyForDeploymentPostprocessing = 0;
		};
/* End PBXFrameworksBuildPhase section */

/* Begin PBXGroup section */
		15DAF48D1A0FE00500F1598B = {
			isa = PBXGroup;
			children = (
				15DAF4981A0FE00500F1598B /* Day12-Autolayout */,
				15DAF4AE1A0FE00500F1598B /* Day12-AutolayoutTests */,
				15DAF4971A0FE00500F1598B /* Products */,
			);
			sourceTree = "<group>";
		};
		15DAF4971A0FE00500F1598B /* Products */ = {
			isa = PBXGroup;
			children = (
				15DAF4961A0FE00500F1598B /* Day12-Autolayout.app */,
				15DAF4AB1A0FE00500F1598B /* Day12-AutolayoutTests.xctest */,
			);
			name = Products;
			sourceTree = "<group>";
		};
		15DAF4981A0FE00500F1598B /* Day12-Autolayout */ = {
			isa = PBXGroup;
			children = (
				15DAF4BB1A0FE63600F1598B /* mars.html */,
				15DAF4BF1A0FEA3600F1598B /* mercury.html */,
				15DAF49B1A0FE00500F1598B /* AppDelegate.swift */,
				15DAF49D1A0FE00500F1598B /* ViewController.swift */,
				15DAF49F1A0FE00500F1598B /* Main.storyboard */,
				15DAF4A21A0FE00500F1598B /* Images.xcassets */,
				15DAF4A41A0FE00500F1598B /* LaunchScreen.xib */,
				15DAF4991A0FE00500F1598B /* Supporting Files */,
			);
			path = "Day12-Autolayout";
			sourceTree = "<group>";
		};
		15DAF4991A0FE00500F1598B /* Supporting Files */ = {
			isa = PBXGroup;
			children = (
				15DAF49A1A0FE00500F1598B /* Info.plist */,
			);
			name = "Supporting Files";
			sourceTree = "<group>";
		};
		15DAF4AE1A0FE00500F1598B /* Day12-AutolayoutTests */ = {
			isa = PBXGroup;
			children = (
				15DAF4B11A0FE00500F1598B /* Day12_AutolayoutTests.swift */,
				15DAF4AF1A0FE00500F1598B /* Supporting Files */,
			);
			path = "Day12-AutolayoutTests";
			sourceTree = "<group>";
		};
		15DAF4AF1A0FE00500F1598B /* Supporting Files */ = {
			isa = PBXGroup;
			children = (
				15DAF4B01A0FE00500F1598B /* Info.plist */,
			);
			name = "Supporting Files";
			sourceTree = "<group>";
		};
/* End PBXGroup section */

/* Begin PBXNativeTarget section */
		15DAF4951A0FE00500F1598B /* Day12-Autolayout */ = {
			isa = PBXNativeTarget;
			buildConfigurationList = 15DAF4B51A0FE00500F1598B /* Build configuration list for PBXNativeTarget "Day12-Autolayout" */;
			buildPhases = (
				15DAF4921A0FE00500F1598B /* Sources */,
				15DAF4931A0FE00500F1598B /* Frameworks */,
				15DAF4941A0FE00500F1598B /* Resources */,
			);
			buildRules = (
			);
			dependencies = (
			);
			name = "Day12-Autolayout";
			productName = "Day12-Autolayout";
			productReference = 15DAF4961A0FE00500F1598B /* Day12-Autolayout.app */;
			productType = "com.apple.product-type.application";
		};
		15DAF4AA1A0FE00500F1598B /* Day12-AutolayoutTests */ = {
			isa = PBXNativeTarget;
			buildConfigurationList = 15DAF4B81A0FE00500F1598B /* Build configuration list for PBXNativeTarget "Day12-AutolayoutTests" */;
			buildPhases = (
				15DAF4A71A0FE00500F1598B /* Sources */,
				15DAF4A81A0FE00500F1598B /* Frameworks */,
				15DAF4A91A0FE00500F1598B /* Resources */,
			);
			buildRules = (
			);
			dependencies = (
				15DAF4AD1A0FE00500F1598B /* PBXTargetDependency */,
			);
			name = "Day12-AutolayoutTests";
			productName = "Day12-AutolayoutTests";
			productReference = 15DAF4AB1A0FE00500F1598B /* Day12-AutolayoutTests.xctest */;
			productType = "com.apple.product-type.bundle.unit-test";
		};
/* End PBXNativeTarget section */

/* Begin PBXProject section */
		15DAF48E1A0FE00500F1598B /* Project object */ = {
			isa = PBXProject;
			attributes = {
				LastUpgradeCheck = 0610;
				ORGANIZATIONNAME = LulzDev;
				TargetAttributes = {
					15DAF4951A0FE00500F1598B = {
						CreatedOnToolsVersion = 6.1;
					};
					15DAF4AA1A0FE00500F1598B = {
						CreatedOnToolsVersion = 6.1;
						TestTargetID = 15DAF4951A0FE00500F1598B;
					};
				};
			};
			buildConfigurationList = 15DAF4911A0FE00500F1598B /* Build configuration list for PBXProject "Day12-Autolayout" */;
			compatibilityVersion = "Xcode 3.2";
			developmentRegion = English;
			hasScannedForEncodings = 0;
			knownRegions = (
				en,
				Base,
			);
			mainGroup = 15DAF48D1A0FE00500F1598B;
			productRefGroup = 15DAF4971A0FE00500F1598B /* Products */;
			projectDirPath = "";
			projectRoot = "";
			targets = (
				15DAF4951A0FE00500F1598B /* Day12-Autolayout */,
				15DAF4AA1A0FE00500F1598B /* Day12-AutolayoutTests */,
			);
		};
/* End PBXProject section */

/* Begin PBXResourcesBuildPhase section */
		15DAF4941A0FE00500F1598B /* Resources */ = {
			isa = PBXResourcesBuildPhase;
			buildActionMask = 2147483647;
			files = (
				15DAF4A11A0FE00500F1598B /* Main.storyboard in Resources */,
				15DAF4A61A0FE00500F1598B /* LaunchScreen.xib in Resources */,
				15DAF4A31A0FE00500F1598B /* Images.xcassets in Resources */,
				15DAF4BD1A0FE63600F1598B /* mars.html in Resources */,
				15DAF4C01A0FEA3600F1598B /* mercury.html in Resources */,
			);
			runOnlyForDeploymentPostprocessing = 0;
		};
		15DAF4A91A0FE00500F1598B /* Resources */ = {
			isa = PBXResourcesBuildPhase;
			buildActionMask = 2147483647;
			files = (
			);
			runOnlyForDeploymentPostprocessing = 0;
		};
/* End PBXResourcesBuildPhase section */

/* Begin PBXSourcesBuildPhase section */
		15DAF4921A0FE00500F1598B /* Sources */ = {
			isa = PBXSourcesBuildPhase;
			buildActionMask = 2147483647;
			files = (
				15DAF49E1A0FE00500F1598B /* ViewController.swift in Sources */,
				15DAF49C1A0FE00500F1598B /* AppDelegate.swift in Sources */,
			);
			runOnlyForDeploymentPostprocessing = 0;
		};
		15DAF4A71A0FE00500F1598B /* Sources */ = {
			isa = PBXSourcesBuildPhase;
			buildActionMask = 2147483647;
			files = (
				15DAF4B21A0FE00500F1598B /* Day12_AutolayoutTests.swift in Sources */,
			);
			runOnlyForDeploymentPostprocessing = 0;
		};
/* End PBXSourcesBuildPhase section */

/* Begin PBXTargetDependency section */
		15DAF4AD1A0FE00500F1598B /* PBXTargetDependency */ = {
			isa = PBXTargetDependency;
			target = 15DAF4951A0FE00500F1598B /* Day12-Autolayout */;
			targetProxy = 15DAF4AC1A0FE00500F1598B /* PBXContainerItemProxy */;
		};
/* End PBXTargetDependency section */

/* Begin PBXVariantGroup section */
		15DAF49F1A0FE00500F1598B /* Main.storyboard */ = {
			isa = PBXVariantGroup;
			children = (
				15DAF4A01A0FE00500F1598B /* Base */,
			);
			name = Main.storyboard;
			sourceTree = "<group>";
		};
		15DAF4A41A0FE00500F1598B /* LaunchScreen.xib */ = {
			isa = PBXVariantGroup;
			children = (
				15DAF4A51A0FE00500F1598B /* Base */,
			);
			name = LaunchScreen.xib;
			sourceTree = "<group>";
		};
/* End PBXVariantGroup section */

/* Begin XCBuildConfiguration section */
		15DAF4B31A0FE00500F1598B /* Debug */ = {
			isa = XCBuildConfiguration;
			buildSettings = {
				ALWAYS_SEARCH_USER_PATHS = NO;
				CLANG_CXX_LANGUAGE_STANDARD = "gnu++0x";
				CLANG_CXX_LIBRARY = "libc++";
				CLANG_ENABLE_MODULES = YES;
				CLANG_ENABLE_OBJC_ARC = YES;
				CLANG_WARN_BOOL_CONVERSION = YES;
				CLANG_WARN_CONSTANT_CONVERSION = YES;
				CLANG_WARN_DIRECT_OBJC_ISA_USAGE = YES_ERROR;
				CLANG_WARN_EMPTY_BODY = YES;
				CLANG_WARN_ENUM_CONVERSION = YES;
				CLANG_WARN_INT_CONVERSION = YES;
				CLANG_WARN_OBJC_ROOT_CLASS = YES_ERROR;
				CLANG_WARN_UNREACHABLE_CODE = YES;
				CLANG_WARN__DUPLICATE_METHOD_MATCH = YES;
				"CODE_SIGN_IDENTITY[sdk=iphoneos*]" = "iPhone Developer";
				COPY_PHASE_STRIP = NO;
				ENABLE_STRICT_OBJC_MSGSEND = YES;
				GCC_C_LANGUAGE_STANDARD = gnu99;
				GCC_DYNAMIC_NO_PIC = NO;
				GCC_OPTIMIZATION_LEVEL = 0;
				GCC_PREPROCESSOR_DEFINITIONS = (
					"DEBUG=1",
					"$(inherited)",
				);
				GCC_SYMBOLS_PRIVATE_EXTERN = NO;
				GCC_WARN_64_TO_32_BIT_CONVERSION = YES;
				GCC_WARN_ABOUT_RETURN_TYPE = YES_ERROR;
				GCC_WARN_UNDECLARED_SELECTOR = YES;
				GCC_WARN_UNINITIALIZED_AUTOS = YES_AGGRESSIVE;
				GCC_WARN_UNUSED_FUNCTION = YES;
				GCC_WARN_UNUSED_VARIABLE = YES;
				IPHONEOS_DEPLOYMENT_TARGET = 8.1;
				MTL_ENABLE_DEBUG_INFO = YES;
				ONLY_ACTIVE_ARCH = YES;
				SDKROOT = iphoneos;
				SWIFT_OPTIMIZATION_LEVEL = "-Onone";
				TARGETED_DEVICE_FAMILY = "1,2";
			};
			name = Debug;
		};
		15DAF4B41A0FE00500F1598B /* Release */ = {
			isa = XCBuildConfiguration;
			buildSettings = {
				ALWAYS_SEARCH_USER_PATHS = NO;
				CLANG_CXX_LANGUAGE_STANDARD = "gnu++0x";
				CLANG_CXX_LIBRARY = "libc++";
				CLANG_ENABLE_MODULES = YES;
				CLANG_ENABLE_OBJC_ARC = YES;
				CLANG_WARN_BOOL_CONVERSION = YES;
				CLANG_WARN_CONSTANT_CONVERSION = YES;
				CLANG_WARN_DIRECT_OBJC_ISA_USAGE = YES_ERROR;
				CLANG_WARN_EMPTY_BODY = YES;
				CLANG_WARN_ENUM_CONVERSION = YES;
				CLANG_WARN_INT_CONVERSION = YES;
				CLANG_WARN_OBJC_ROOT_CLASS = YES_ERROR;
				CLANG_WARN_UNREACHABLE_CODE = YES;
				CLANG_WARN__DUPLICATE_METHOD_MATCH = YES;
				"CODE_SIGN_IDENTITY[sdk=iphoneos*]" = "iPhone Developer";
				COPY_PHASE_STRIP = YES;
				ENABLE_NS_ASSERTIONS = NO;
				ENABLE_STRICT_OBJC_MSGSEND = YES;
				GCC_C_LANGUAGE_STANDARD = gnu99;
				GCC_WARN_64_TO_32_BIT_CONVERSION = YES;
				GCC_WARN_ABOUT_RETURN_TYPE = YES_ERROR;
				GCC_WARN_UNDECLARED_SELECTOR = YES;
				GCC_WARN_UNINITIALIZED_AUTOS = YES_AGGRESSIVE;
				GCC_WARN_UNUSED_FUNCTION = YES;
				GCC_WARN_UNUSED_VARIABLE = YES;
				IPHONEOS_DEPLOYMENT_TARGET = 8.1;
				MTL_ENABLE_DEBUG_INFO = NO;
				SDKROOT = iphoneos;
				TARGETED_DEVICE_FAMILY = "1,2";
				VALIDATE_PRODUCT = YES;
			};
			name = Release;
		};
		15DAF4B61A0FE00500F1598B /* Debug */ = {
			isa = XCBuildConfiguration;
			buildSettings = {
				ASSETCATALOG_COMPILER_APPICON_NAME = AppIcon;
				INFOPLIST_FILE = "Day12-Autolayout/Info.plist";
				LD_RUNPATH_SEARCH_PATHS = "$(inherited) @executable_path/Frameworks";
				PRODUCT_NAME = "$(TARGET_NAME)";
			};
			name = Debug;
		};
		15DAF4B71A0FE00500F1598B /* Release */ = {
			isa = XCBuildConfiguration;
			buildSettings = {
				ASSETCATALOG_COMPILER_APPICON_NAME = AppIcon;
				INFOPLIST_FILE = "Day12-Autolayout/Info.plist";
				LD_RUNPATH_SEARCH_PATHS = "$(inherited) @executable_path/Frameworks";
				PRODUCT_NAME = "$(TARGET_NAME)";
			};
			name = Release;
		};
		15DAF4B91A0FE00500F1598B /* Debug */ = {
			isa = XCBuildConfiguration;
			buildSettings = {
				BUNDLE_LOADER = "$(TEST_HOST)";
				FRAMEWORK_SEARCH_PATHS = (
					"$(SDKROOT)/Developer/Library/Frameworks",
					"$(inherited)",
				);
				GCC_PREPROCESSOR_DEFINITIONS = (
					"DEBUG=1",
					"$(inherited)",
				);
				INFOPLIST_FILE = "Day12-AutolayoutTests/Info.plist";
				LD_RUNPATH_SEARCH_PATHS = "$(inherited) @executable_path/Frameworks @loader_path/Frameworks";
				PRODUCT_NAME = "$(TARGET_NAME)";
				TEST_HOST = "$(BUILT_PRODUCTS_DIR)/Day12-Autolayout.app/Day12-Autolayout";
			};
			name = Debug;
		};
		15DAF4BA1A0FE00500F1598B /* Release */ = {
			isa = XCBuildConfiguration;
			buildSettings = {
				BUNDLE_LOADER = "$(TEST_HOST)";
				FRAMEWORK_SEARCH_PATHS = (
					"$(SDKROOT)/Developer/Library/Frameworks",
					"$(inherited)",
				);
				INFOPLIST_FILE = "Day12-AutolayoutTests/Info.plist";
				LD_RUNPATH_SEARCH_PATHS = "$(inherited) @executable_path/Frameworks @loader_path/Frameworks";
				PRODUCT_NAME = "$(TARGET_NAME)";
				TEST_HOST = "$(BUILT_PRODUCTS_DIR)/Day12-Autolayout.app/Day12-Autolayout";
			};
			name = Release;
		};
/* End XCBuildConfiguration section */

/* Begin XCConfigurationList section */
		15DAF4911A0FE00500F1598B /* Build configuration list for PBXProject "Day12-Autolayout" */ = {
			isa = XCConfigurationList;
			buildConfigurations = (
				15DAF4B31A0FE00500F1598B /* Debug */,
				15DAF4B41A0FE00500F1598B /* Release */,
			);
			defaultConfigurationIsVisible = 0;
			defaultConfigurationName = Release;
		};
		15DAF4B51A0FE00500F1598B /* Build configuration list for PBXNativeTarget "Day12-Autolayout" */ = {
			isa = XCConfigurationList;
			buildConfigurations = (
				15DAF4B61A0FE00500F1598B /* Debug */,
				15DAF4B71A0FE00500F1598B /* Release */,
			);
			defaultConfigurationIsVisible = 0;
		};
		15DAF4B81A0FE00500F1598B /* Build configuration list for PBXNativeTarget "Day12-AutolayoutTests" */ = {
			isa = XCConfigurationList;
			buildConfigurations = (
				15DAF4B91A0FE00500F1598B /* Debug */,
				15DAF4BA1A0FE00500F1598B /* Release */,
			);
			defaultConfigurationIsVisible = 0;
		};
/* End XCConfigurationList section */
	};
	rootObject = 15DAF48E1A0FE00500F1598B /* Project object */;
}
