// !$*UTF8*$!
{
	archiveVersion = 1;
	classes = {
	};
	objectVersion = 46;
	objects = {

/* Begin PBXBuildFile section */
		1585769A1A0766A400D222D2 /* AppDelegate.swift in Sources */ = {isa = PBXBuildFile; fileRef = 158576991A0766A400D222D2 /* AppDelegate.swift */; };
		1585769C1A0766A400D222D2 /* ViewController.swift in Sources */ = {isa = PBXBuildFile; fileRef = 1585769B1A0766A400D222D2 /* ViewController.swift */; };
		1585769F1A0766A400D222D2 /* Main.storyboard in Resources */ = {isa = PBXBuildFile; fileRef = 1585769D1A0766A400D222D2 /* Main.storyboard */; };
		158576A11A0766A400D222D2 /* Images.xcassets in Resources */ = {isa = PBXBuildFile; fileRef = 158576A01A0766A400D222D2 /* Images.xcassets */; };
		158576A41A0766A400D222D2 /* LaunchScreen.xib in Resources */ = {isa = PBXBuildFile; fileRef = 158576A21A0766A400D222D2 /* LaunchScreen.xib */; };
		158576B01A0766A400D222D2 /* RandomPhotoTests.swift in Sources */ = {isa = PBXBuildFile; fileRef = 158576AF1A0766A400D222D2 /* RandomPhotoTests.swift */; };
		158576BE1A07693A00D222D2 /* UIImage+Photo.swift in Sources */ = {isa = PBXBuildFile; fileRef = 158576BD1A07693A00D222D2 /* UIImage+Photo.swift */; };
		158576CA1A076CB500D222D2 /* 01.jpg in Resources */ = {isa = PBXBuildFile; fileRef = 158576BF1A076CB500D222D2 /* 01.jpg */; };
		158576CB1A076CB500D222D2 /* 02.jpg in Resources */ = {isa = PBXBuildFile; fileRef = 158576C01A076CB500D222D2 /* 02.jpg */; };
		158576CC1A076CB500D222D2 /* 03.jpg in Resources */ = {isa = PBXBuildFile; fileRef = 158576C11A076CB500D222D2 /* 03.jpg */; };
		158576CD1A076CB500D222D2 /* 04.jpg in Resources */ = {isa = PBXBuildFile; fileRef = 158576C21A076CB500D222D2 /* 04.jpg */; };
		158576CE1A076CB500D222D2 /* 05.jpg in Resources */ = {isa = PBXBuildFile; fileRef = 158576C31A076CB500D222D2 /* 05.jpg */; };
		158576CF1A076CB500D222D2 /* 06.jpg in Resources */ = {isa = PBXBuildFile; fileRef = 158576C41A076CB500D222D2 /* 06.jpg */; };
		158576D01A076CB500D222D2 /* 07.jpg in Resources */ = {isa = PBXBuildFile; fileRef = 158576C51A076CB500D222D2 /* 07.jpg */; };
		158576D11A076CB500D222D2 /* 08.jpg in Resources */ = {isa = PBXBuildFile; fileRef = 158576C61A076CB500D222D2 /* 08.jpg */; };
		158576D21A076CB500D222D2 /* empty trash.aif in Resources */ = {isa = PBXBuildFile; fileRef = 158576C71A076CB500D222D2 /* empty trash.aif */; };
		158576D31A076CB500D222D2 /* EmptyTrash.png in Resources */ = {isa = PBXBuildFile; fileRef = 158576C81A076CB500D222D2 /* EmptyTrash.png */; };
		158576D41A076CB500D222D2 /* FullTrash.png in Resources */ = {isa = PBXBuildFile; fileRef = 158576C91A076CB500D222D2 /* FullTrash.png */; };
/* End PBXBuildFile section */

/* Begin PBXContainerItemProxy section */
		158576AA1A0766A400D222D2 /* PBXContainerItemProxy */ = {
			isa = PBXContainerItemProxy;
			containerPortal = 1585768C1A0766A300D222D2 /* Project object */;
			proxyType = 1;
			remoteGlobalIDString = 158576931A0766A400D222D2;
			remoteInfo = RandomPhoto;
		};
/* End PBXContainerItemProxy section */

/* Begin PBXFileReference section */
		158576941A0766A400D222D2 /* RandomPhoto.app */ = {isa = PBXFileReference; explicitFileType = wrapper.application; includeInIndex = 0; path = RandomPhoto.app; sourceTree = BUILT_PRODUCTS_DIR; };
		158576981A0766A400D222D2 /* Info.plist */ = {isa = PBXFileReference; lastKnownFileType = text.plist.xml; path = Info.plist; sourceTree = "<group>"; };
		158576991A0766A400D222D2 /* AppDelegate.swift */ = {isa = PBXFileReference; lastKnownFileType = sourcecode.swift; path = AppDelegate.swift; sourceTree = "<group>"; };
		1585769B1A0766A400D222D2 /* ViewController.swift */ = {isa = PBXFileReference; lastKnownFileType = sourcecode.swift; path = ViewController.swift; sourceTree = "<group>"; };
		1585769E1A0766A400D222D2 /* Base */ = {isa = PBXFileReference; lastKnownFileType = file.storyboard; name = Base; path = Base.lproj/Main.storyboard; sourceTree = "<group>"; };
		158576A01A0766A400D222D2 /* Images.xcassets */ = {isa = PBXFileReference; lastKnownFileType = folder.assetcatalog; path = Images.xcassets; sourceTree = "<group>"; };
		158576A31A0766A400D222D2 /* Base */ = {isa = PBXFileReference; lastKnownFileType = file.xib; name = Base; path = Base.lproj/LaunchScreen.xib; sourceTree = "<group>"; };
		158576A91A0766A400D222D2 /* RandomPhotoTests.xctest */ = {isa = PBXFileReference; explicitFileType = wrapper.cfbundle; includeInIndex = 0; path = RandomPhotoTests.xctest; sourceTree = BUILT_PRODUCTS_DIR; };
		158576AE1A0766A400D222D2 /* Info.plist */ = {isa = PBXFileReference; lastKnownFileType = text.plist.xml; path = Info.plist; sourceTree = "<group>"; };
		158576AF1A0766A400D222D2 /* RandomPhotoTests.swift */ = {isa = PBXFileReference; lastKnownFileType = sourcecode.swift; path = RandomPhotoTests.swift; sourceTree = "<group>"; };
		158576BD1A07693A00D222D2 /* UIImage+Photo.swift */ = {isa = PBXFileReference; fileEncoding = 4; lastKnownFileType = sourcecode.swift; path = "UIImage+Photo.swift"; sourceTree = "<group>"; };
		158576BF1A076CB500D222D2 /* 01.jpg */ = {isa = PBXFileReference; lastKnownFileType = image.jpeg; path = 01.jpg; sourceTree = "<group>"; };
		158576C01A076CB500D222D2 /* 02.jpg */ = {isa = PBXFileReference; lastKnownFileType = image.jpeg; path = 02.jpg; sourceTree = "<group>"; };
		158576C11A076CB500D222D2 /* 03.jpg */ = {isa = PBXFileReference; lastKnownFileType = image.jpeg; path = 03.jpg; sourceTree = "<group>"; };
		158576C21A076CB500D222D2 /* 04.jpg */ = {isa = PBXFileReference; lastKnownFileType = image.jpeg; path = 04.jpg; sourceTree = "<group>"; };
		158576C31A076CB500D222D2 /* 05.jpg */ = {isa = PBXFileReference; lastKnownFileType = image.jpeg; path = 05.jpg; sourceTree = "<group>"; };
		158576C41A076CB500D222D2 /* 06.jpg */ = {isa = PBXFileReference; lastKnownFileType = image.jpeg; path = 06.jpg; sourceTree = "<group>"; };
		158576C51A076CB500D222D2 /* 07.jpg */ = {isa = PBXFileReference; lastKnownFileType = image.jpeg; path = 07.jpg; sourceTree = "<group>"; };
		158576C61A076CB500D222D2 /* 08.jpg */ = {isa = PBXFileReference; lastKnownFileType = image.jpeg; path = 08.jpg; sourceTree = "<group>"; };
		158576C71A076CB500D222D2 /* empty trash.aif */ = {isa = PBXFileReference; lastKnownFileType = file; path = "empty trash.aif"; sourceTree = "<group>"; };
		158576C81A076CB500D222D2 /* EmptyTrash.png */ = {isa = PBXFileReference; lastKnownFileType = image.png; path = EmptyTrash.png; sourceTree = "<group>"; };
		158576C91A076CB500D222D2 /* FullTrash.png */ = {isa = PBXFileReference; lastKnownFileType = image.png; path = FullTrash.png; sourceTree = "<group>"; };
/* End PBXFileReference section */

/* Begin PBXFrameworksBuildPhase section */
		158576911A0766A400D222D2 /* Frameworks */ = {
			isa = PBXFrameworksBuildPhase;
			buildActionMask = 2147483647;
			files = (
			);
			runOnlyForDeploymentPostprocessing = 0;
		};
		158576A61A0766A400D222D2 /* Frameworks */ = {
			isa = PBXFrameworksBuildPhase;
			buildActionMask = 2147483647;
			files = (
			);
			runOnlyForDeploymentPostprocessing = 0;
		};
/* End PBXFrameworksBuildPhase section */

/* Begin PBXGroup section */
		1585768B1A0766A300D222D2 = {
			isa = PBXGroup;
			children = (
				158576961A0766A400D222D2 /* RandomPhoto */,
				158576AC1A0766A400D222D2 /* RandomPhotoTests */,
				158576951A0766A400D222D2 /* Products */,
			);
			sourceTree = "<group>";
		};
		158576951A0766A400D222D2 /* Products */ = {
			isa = PBXGroup;
			children = (
				158576941A0766A400D222D2 /* RandomPhoto.app */,
				158576A91A0766A400D222D2 /* RandomPhotoTests.xctest */,
			);
			name = Products;
			sourceTree = "<group>";
		};
		158576961A0766A400D222D2 /* RandomPhoto */ = {
			isa = PBXGroup;
			children = (
				158576991A0766A400D222D2 /* AppDelegate.swift */,
				1585769B1A0766A400D222D2 /* ViewController.swift */,
				1585769D1A0766A400D222D2 /* Main.storyboard */,
				158576A01A0766A400D222D2 /* Images.xcassets */,
				158576A21A0766A400D222D2 /* LaunchScreen.xib */,
				158576971A0766A400D222D2 /* Supporting Files */,
				158576BD1A07693A00D222D2 /* UIImage+Photo.swift */,
			);
			path = RandomPhoto;
			sourceTree = "<group>";
		};
		158576971A0766A400D222D2 /* Supporting Files */ = {
			isa = PBXGroup;
			children = (
				158576BF1A076CB500D222D2 /* 01.jpg */,
				158576C01A076CB500D222D2 /* 02.jpg */,
				158576C11A076CB500D222D2 /* 03.jpg */,
				158576C21A076CB500D222D2 /* 04.jpg */,
				158576C31A076CB500D222D2 /* 05.jpg */,
				158576C41A076CB500D222D2 /* 06.jpg */,
				158576C51A076CB500D222D2 /* 07.jpg */,
				158576C61A076CB500D222D2 /* 08.jpg */,
				158576C71A076CB500D222D2 /* empty trash.aif */,
				158576C81A076CB500D222D2 /* EmptyTrash.png */,
				158576C91A076CB500D222D2 /* FullTrash.png */,
				158576981A0766A400D222D2 /* Info.plist */,
			);
			name = "Supporting Files";
			sourceTree = "<group>";
		};
		158576AC1A0766A400D222D2 /* RandomPhotoTests */ = {
			isa = PBXGroup;
			children = (
				158576AF1A0766A400D222D2 /* RandomPhotoTests.swift */,
				158576AD1A0766A400D222D2 /* Supporting Files */,
			);
			path = RandomPhotoTests;
			sourceTree = "<group>";
		};
		158576AD1A0766A400D222D2 /* Supporting Files */ = {
			isa = PBXGroup;
			children = (
				158576AE1A0766A400D222D2 /* Info.plist */,
			);
			name = "Supporting Files";
			sourceTree = "<group>";
		};
/* End PBXGroup section */

/* Begin PBXNativeTarget section */
		158576931A0766A400D222D2 /* RandomPhoto */ = {
			isa = PBXNativeTarget;
			buildConfigurationList = 158576B31A0766A400D222D2 /* Build configuration list for PBXNativeTarget "RandomPhoto" */;
			buildPhases = (
				158576901A0766A400D222D2 /* Sources */,
				158576911A0766A400D222D2 /* Frameworks */,
				158576921A0766A400D222D2 /* Resources */,
			);
			buildRules = (
			);
			dependencies = (
			);
			name = RandomPhoto;
			productName = RandomPhoto;
			productReference = 158576941A0766A400D222D2 /* RandomPhoto.app */;
			productType = "com.apple.product-type.application";
		};
		158576A81A0766A400D222D2 /* RandomPhotoTests */ = {
			isa = PBXNativeTarget;
			buildConfigurationList = 158576B61A0766A400D222D2 /* Build configuration list for PBXNativeTarget "RandomPhotoTests" */;
			buildPhases = (
				158576A51A0766A400D222D2 /* Sources */,
				158576A61A0766A400D222D2 /* Frameworks */,
				158576A71A0766A400D222D2 /* Resources */,
			);
			buildRules = (
			);
			dependencies = (
				158576AB1A0766A400D222D2 /* PBXTargetDependency */,
			);
			name = RandomPhotoTests;
			productName = RandomPhotoTests;
			productReference = 158576A91A0766A400D222D2 /* RandomPhotoTests.xctest */;
			productType = "com.apple.product-type.bundle.unit-test";
		};
/* End PBXNativeTarget section */

/* Begin PBXProject section */
		1585768C1A0766A300D222D2 /* Project object */ = {
			isa = PBXProject;
			attributes = {
				LastUpgradeCheck = 0610;
				ORGANIZATIONNAME = LulzDev;
				TargetAttributes = {
					158576931A0766A400D222D2 = {
						CreatedOnToolsVersion = 6.1;
					};
					158576A81A0766A400D222D2 = {
						CreatedOnToolsVersion = 6.1;
						TestTargetID = 158576931A0766A400D222D2;
					};
				};
			};
			buildConfigurationList = 1585768F1A0766A400D222D2 /* Build configuration list for PBXProject "RandomPhoto" */;
			compatibilityVersion = "Xcode 3.2";
			developmentRegion = English;
			hasScannedForEncodings = 0;
			knownRegions = (
				en,
				Base,
			);
			mainGroup = 1585768B1A0766A300D222D2;
			productRefGroup = 158576951A0766A400D222D2 /* Products */;
			projectDirPath = "";
			projectRoot = "";
			targets = (
				158576931A0766A400D222D2 /* RandomPhoto */,
				158576A81A0766A400D222D2 /* RandomPhotoTests */,
			);
		};
/* End PBXProject section */

/* Begin PBXResourcesBuildPhase section */
		158576921A0766A400D222D2 /* Resources */ = {
			isa = PBXResourcesBuildPhase;
			buildActionMask = 2147483647;
			files = (
				158576D01A076CB500D222D2 /* 07.jpg in Resources */,
				158576CC1A076CB500D222D2 /* 03.jpg in Resources */,
				158576D31A076CB500D222D2 /* EmptyTrash.png in Resources */,
				158576D11A076CB500D222D2 /* 08.jpg in Resources */,
				158576CB1A076CB500D222D2 /* 02.jpg in Resources */,
				158576D41A076CB500D222D2 /* FullTrash.png in Resources */,
				158576CE1A076CB500D222D2 /* 05.jpg in Resources */,
				158576CF1A076CB500D222D2 /* 06.jpg in Resources */,
				1585769F1A0766A400D222D2 /* Main.storyboard in Resources */,
				158576A41A0766A400D222D2 /* LaunchScreen.xib in Resources */,
				158576CD1A076CB500D222D2 /* 04.jpg in Resources */,
				158576CA1A076CB500D222D2 /* 01.jpg in Resources */,
				158576D21A076CB500D222D2 /* empty trash.aif in Resources */,
				158576A11A0766A400D222D2 /* Images.xcassets in Resources */,
			);
			runOnlyForDeploymentPostprocessing = 0;
		};
		158576A71A0766A400D222D2 /* Resources */ = {
			isa = PBXResourcesBuildPhase;
			buildActionMask = 2147483647;
			files = (
			);
			runOnlyForDeploymentPostprocessing = 0;
		};
/* End PBXResourcesBuildPhase section */

/* Begin PBXSourcesBuildPhase section */
		158576901A0766A400D222D2 /* Sources */ = {
			isa = PBXSourcesBuildPhase;
			buildActionMask = 2147483647;
			files = (
				158576BE1A07693A00D222D2 /* UIImage+Photo.swift in Sources */,
				1585769C1A0766A400D222D2 /* ViewController.swift in Sources */,
				1585769A1A0766A400D222D2 /* AppDelegate.swift in Sources */,
			);
			runOnlyForDeploymentPostprocessing = 0;
		};
		158576A51A0766A400D222D2 /* Sources */ = {
			isa = PBXSourcesBuildPhase;
			buildActionMask = 2147483647;
			files = (
				158576B01A0766A400D222D2 /* RandomPhotoTests.swift in Sources */,
			);
			runOnlyForDeploymentPostprocessing = 0;
		};
/* End PBXSourcesBuildPhase section */

/* Begin PBXTargetDependency section */
		158576AB1A0766A400D222D2 /* PBXTargetDependency */ = {
			isa = PBXTargetDependency;
			target = 158576931A0766A400D222D2 /* RandomPhoto */;
			targetProxy = 158576AA1A0766A400D222D2 /* PBXContainerItemProxy */;
		};
/* End PBXTargetDependency section */

/* Begin PBXVariantGroup section */
		1585769D1A0766A400D222D2 /* Main.storyboard */ = {
			isa = PBXVariantGroup;
			children = (
				1585769E1A0766A400D222D2 /* Base */,
			);
			name = Main.storyboard;
			sourceTree = "<group>";
		};
		158576A21A0766A400D222D2 /* LaunchScreen.xib */ = {
			isa = PBXVariantGroup;
			children = (
				158576A31A0766A400D222D2 /* Base */,
			);
			name = LaunchScreen.xib;
			sourceTree = "<group>";
		};
/* End PBXVariantGroup section */

/* Begin XCBuildConfiguration section */
		158576B11A0766A400D222D2 /* Debug */ = {
			isa = XCBuildConfiguration;
			buildSettings = {
				ALWAYS_SEARCH_USER_PATHS = NO;
				CLANG_CXX_LANGUAGE_STANDARD = "gnu++0x";
				CLANG_CXX_LIBRARY = "libc++";
				CLANG_ENABLE_MODULES = YES;
				CLANG_ENABLE_OBJC_ARC = YES;
				CLANG_WARN_BOOL_CONVERSION = YES;
				CLANG_WARN_CONSTANT_CONVERSION = YES;
				CLANG_WARN_DIRECT_OBJC_ISA_USAGE = YES_ERROR;
				CLANG_WARN_EMPTY_BODY = YES;
				CLANG_WARN_ENUM_CONVERSION = YES;
				CLANG_WARN_INT_CONVERSION = YES;
				CLANG_WARN_OBJC_ROOT_CLASS = YES_ERROR;
				CLANG_WARN_UNREACHABLE_CODE = YES;
				CLANG_WARN__DUPLICATE_METHOD_MATCH = YES;
				"CODE_SIGN_IDENTITY[sdk=iphoneos*]" = "iPhone Developer";
				COPY_PHASE_STRIP = NO;
				ENABLE_STRICT_OBJC_MSGSEND = YES;
				GCC_C_LANGUAGE_STANDARD = gnu99;
				GCC_DYNAMIC_NO_PIC = NO;
				GCC_OPTIMIZATION_LEVEL = 0;
				GCC_PREPROCESSOR_DEFINITIONS = (
					"DEBUG=1",
					"$(inherited)",
				);
				GCC_SYMBOLS_PRIVATE_EXTERN = NO;
				GCC_WARN_64_TO_32_BIT_CONVERSION = YES;
				GCC_WARN_ABOUT_RETURN_TYPE = YES_ERROR;
				GCC_WARN_UNDECLARED_SELECTOR = YES;
				GCC_WARN_UNINITIALIZED_AUTOS = YES_AGGRESSIVE;
				GCC_WARN_UNUSED_FUNCTION = YES;
				GCC_WARN_UNUSED_VARIABLE = YES;
				IPHONEOS_DEPLOYMENT_TARGET = 8.1;
				MTL_ENABLE_DEBUG_INFO = YES;
				ONLY_ACTIVE_ARCH = YES;
				SDKROOT = iphoneos;
				SWIFT_OPTIMIZATION_LEVEL = "-Onone";
			};
			name = Debug;
		};
		158576B21A0766A400D222D2 /* Release */ = {
			isa = XCBuildConfiguration;
			buildSettings = {
				ALWAYS_SEARCH_USER_PATHS = NO;
				CLANG_CXX_LANGUAGE_STANDARD = "gnu++0x";
				CLANG_CXX_LIBRARY = "libc++";
				CLANG_ENABLE_MODULES = YES;
				CLANG_ENABLE_OBJC_ARC = YES;
				CLANG_WARN_BOOL_CONVERSION = YES;
				CLANG_WARN_CONSTANT_CONVERSION = YES;
				CLANG_WARN_DIRECT_OBJC_ISA_USAGE = YES_ERROR;
				CLANG_WARN_EMPTY_BODY = YES;
				CLANG_WARN_ENUM_CONVERSION = YES;
				CLANG_WARN_INT_CONVERSION = YES;
				CLANG_WARN_OBJC_ROOT_CLASS = YES_ERROR;
				CLANG_WARN_UNREACHABLE_CODE = YES;
				CLANG_WARN__DUPLICATE_METHOD_MATCH = YES;
				"CODE_SIGN_IDENTITY[sdk=iphoneos*]" = "iPhone Developer";
				COPY_PHASE_STRIP = YES;
				ENABLE_NS_ASSERTIONS = NO;
				ENABLE_STRICT_OBJC_MSGSEND = YES;
				GCC_C_LANGUAGE_STANDARD = gnu99;
				GCC_WARN_64_TO_32_BIT_CONVERSION = YES;
				GCC_WARN_ABOUT_RETURN_TYPE = YES_ERROR;
				GCC_WARN_UNDECLARED_SELECTOR = YES;
				GCC_WARN_UNINITIALIZED_AUTOS = YES_AGGRESSIVE;
				GCC_WARN_UNUSED_FUNCTION = YES;
				GCC_WARN_UNUSED_VARIABLE = YES;
				IPHONEOS_DEPLOYMENT_TARGET = 8.1;
				MTL_ENABLE_DEBUG_INFO = NO;
				SDKROOT = iphoneos;
				VALIDATE_PRODUCT = YES;
			};
			name = Release;
		};
		158576B41A0766A400D222D2 /* Debug */ = {
			isa = XCBuildConfiguration;
			buildSettings = {
				ASSETCATALOG_COMPILER_APPICON_NAME = AppIcon;
				INFOPLIST_FILE = RandomPhoto/Info.plist;
				LD_RUNPATH_SEARCH_PATHS = "$(inherited) @executable_path/Frameworks";
				PRODUCT_NAME = "$(TARGET_NAME)";
			};
			name = Debug;
		};
		158576B51A0766A400D222D2 /* Release */ = {
			isa = XCBuildConfiguration;
			buildSettings = {
				ASSETCATALOG_COMPILER_APPICON_NAME = AppIcon;
				INFOPLIST_FILE = RandomPhoto/Info.plist;
				LD_RUNPATH_SEARCH_PATHS = "$(inherited) @executable_path/Frameworks";
				PRODUCT_NAME = "$(TARGET_NAME)";
			};
			name = Release;
		};
		158576B71A0766A400D222D2 /* Debug */ = {
			isa = XCBuildConfiguration;
			buildSettings = {
				BUNDLE_LOADER = "$(TEST_HOST)";
				FRAMEWORK_SEARCH_PATHS = (
					"$(SDKROOT)/Developer/Library/Frameworks",
					"$(inherited)",
				);
				GCC_PREPROCESSOR_DEFINITIONS = (
					"DEBUG=1",
					"$(inherited)",
				);
				INFOPLIST_FILE = RandomPhotoTests/Info.plist;
				LD_RUNPATH_SEARCH_PATHS = "$(inherited) @executable_path/Frameworks @loader_path/Frameworks";
				PRODUCT_NAME = "$(TARGET_NAME)";
				TEST_HOST = "$(BUILT_PRODUCTS_DIR)/RandomPhoto.app/RandomPhoto";
			};
			name = Debug;
		};
		158576B81A0766A400D222D2 /* Release */ = {
			isa = XCBuildConfiguration;
			buildSettings = {
				BUNDLE_LOADER = "$(TEST_HOST)";
				FRAMEWORK_SEARCH_PATHS = (
					"$(SDKROOT)/Developer/Library/Frameworks",
					"$(inherited)",
				);
				INFOPLIST_FILE = RandomPhotoTests/Info.plist;
				LD_RUNPATH_SEARCH_PATHS = "$(inherited) @executable_path/Frameworks @loader_path/Frameworks";
				PRODUCT_NAME = "$(TARGET_NAME)";
				TEST_HOST = "$(BUILT_PRODUCTS_DIR)/RandomPhoto.app/RandomPhoto";
			};
			name = Release;
		};
/* End XCBuildConfiguration section */

/* Begin XCConfigurationList section */
		1585768F1A0766A400D222D2 /* Build configuration list for PBXProject "RandomPhoto" */ = {
			isa = XCConfigurationList;
			buildConfigurations = (
				158576B11A0766A400D222D2 /* Debug */,
				158576B21A0766A400D222D2 /* Release */,
			);
			defaultConfigurationIsVisible = 0;
			defaultConfigurationName = Release;
		};
		158576B31A0766A400D222D2 /* Build configuration list for PBXNativeTarget "RandomPhoto" */ = {
			isa = XCConfigurationList;
			buildConfigurations = (
				158576B41A0766A400D222D2 /* Debug */,
				158576B51A0766A400D222D2 /* Release */,
			);
			defaultConfigurationIsVisible = 0;
		};
		158576B61A0766A400D222D2 /* Build configuration list for PBXNativeTarget "RandomPhotoTests" */ = {
			isa = XCConfigurationList;
			buildConfigurations = (
				158576B71A0766A400D222D2 /* Debug */,
				158576B81A0766A400D222D2 /* Release */,
			);
			defaultConfigurationIsVisible = 0;
		};
/* End XCConfigurationList section */
	};
	rootObject = 1585768C1A0766A300D222D2 /* Project object */;
}
